
Microsoft Visual Studio Solution File, Format Version 12.00
# Visual Studio Version 17
VisualStudioVersion = 17.0.31808.319
MinimumVisualStudioVersion = 10.0.40219.1
Project("{FAE04EC0-301F-11D3-BF4B-00C04F79EFBC}") = "FP Gen 1.0", "FP Gen 1.0.csproj", "{4220CFFF-A3C6-4DB1-A670-A77C0C7FB6FF}"
EndProject
Global
	GlobalSection(SolutionConfigurationPlatforms) = preSolution
		Debug|Any CPU = Debug|Any CPU
		Release|Any CPU = Release|Any CPU
	EndGlobalSection
	GlobalSection(ProjectConfigurationPlatforms) = postSolution
		{4220CFFF-A3C6-4DB1-A670-A77C0C7FB6FF}.Debug|Any CPU.ActiveCfg = Debug|Any CPU
		{4220CFFF-A3C6-4DB1-A670-A77C0C7FB6FF}.Debug|Any CPU.Build.0 = Debug|Any CPU
		{4220CFFF-A3C6-4DB1-A670-A77C0C7FB6FF}.Release|Any CPU.ActiveCfg = Release|Any CPU
		{4220CFFF-A3C6-4DB1-A670-A77C0C7FB6FF}.Release|Any CPU.Build.0 = Release|Any CPU
	EndGlobalSection
	GlobalSection(SolutionProperties) = preSolution
		HideSolutionNode = FALSE
	EndGlobalSection
	GlobalSection(ExtensibilityGlobals) = postSolution
		SolutionGuid = {92C2F92D-AB93-4DC4-AADE-9FBEF98A7C0E}
	EndGlobalSection
EndGlobal
